
Microsoft Visual Studio Solution File, Format Version 12.00
# Visual Studio Version 17
VisualStudioVersion = 17.4.33103.184
MinimumVisualStudioVersion = 10.0.40219.1
Project("{FAE04EC0-301F-11D3-BF4B-00C04F79EFBC}") = "OtoVan", "OtoVan\OtoVan.csproj", "{1034FB38-D5E3-4BDE-9463-3D6EC82D506E}"
EndProject
Global
	GlobalSection(SolutionConfigurationPlatforms) = preSolution
		Debug|Any CPU = Debug|Any CPU
		Release|Any CPU = Release|Any CPU
	EndGlobalSection
	GlobalSection(ProjectConfigurationPlatforms) = postSolution
		{1034FB38-D5E3-4BDE-9463-3D6EC82D506E}.Debug|Any CPU.ActiveCfg = Debug|Any CPU
		{1034FB38-D5E3-4BDE-9463-3D6EC82D506E}.Debug|Any CPU.Build.0 = Debug|Any CPU
		{1034FB38-D5E3-4BDE-9463-3D6EC82D506E}.Release|Any CPU.ActiveCfg = Release|Any CPU
		{1034FB38-D5E3-4BDE-9463-3D6EC82D506E}.Release|Any CPU.Build.0 = Release|Any CPU
	EndGlobalSection
	GlobalSection(SolutionProperties) = preSolution
		HideSolutionNode = FALSE
	EndGlobalSection
	GlobalSection(ExtensibilityGlobals) = postSolution
		SolutionGuid = {D678BDF7-2670-4139-B008-346B44830472}
	EndGlobalSection
EndGlobal
